
Microsoft Visual Studio Solution File, Format Version 11.00
# Visual Studio 2010
Project("{FAE04EC0-301F-11D3-BF4B-00C04F79EFBC}") = "ExtensionMethodsExamples", "ExtensionMethodsExamples\ExtensionMethodsExamples.csproj", "{0773B87A-D58F-4924-A1CB-E0B77FC1ECE0}"
EndProject
Project("{FAE04EC0-301F-11D3-BF4B-00C04F79EFBC}") = "LambdaExpressionExamples", "LambdaExpressionExamples\LambdaExpressionExamples.csproj", "{A1A8F70F-BACA-469F-A426-39DBD99DF7DC}"
EndProject
Project("{FAE04EC0-301F-11D3-BF4B-00C04F79EFBC}") = "TypeInferenceExamples", "TypeInferenceExamples\TypeInferenceExamples.csproj", "{8BCDE075-223D-4C23-9439-5025E8F1D2F6}"
EndProject
Global
	GlobalSection(SolutionConfigurationPlatforms) = preSolution
		Debug|Any CPU = Debug|Any CPU
		Debug|Mixed Platforms = Debug|Mixed Platforms
		Debug|x86 = Debug|x86
		Release|Any CPU = Release|Any CPU
		Release|Mixed Platforms = Release|Mixed Platforms
		Release|x86 = Release|x86
	EndGlobalSection
	GlobalSection(ProjectConfigurationPlatforms) = postSolution
		{0773B87A-D58F-4924-A1CB-E0B77FC1ECE0}.Debug|Any CPU.ActiveCfg = Debug|Any CPU
		{0773B87A-D58F-4924-A1CB-E0B77FC1ECE0}.Debug|Any CPU.Build.0 = Debug|Any CPU
		{0773B87A-D58F-4924-A1CB-E0B77FC1ECE0}.Debug|Mixed Platforms.ActiveCfg = Debug|x86
		{0773B87A-D58F-4924-A1CB-E0B77FC1ECE0}.Debug|Mixed Platforms.Build.0 = Debug|x86
		{0773B87A-D58F-4924-A1CB-E0B77FC1ECE0}.Debug|x86.ActiveCfg = Debug|x86
		{0773B87A-D58F-4924-A1CB-E0B77FC1ECE0}.Debug|x86.Build.0 = Debug|x86
		{0773B87A-D58F-4924-A1CB-E0B77FC1ECE0}.Release|Any CPU.ActiveCfg = Release|Any CPU
		{0773B87A-D58F-4924-A1CB-E0B77FC1ECE0}.Release|Any CPU.Build.0 = Release|Any CPU
		{0773B87A-D58F-4924-A1CB-E0B77FC1ECE0}.Release|Mixed Platforms.ActiveCfg = Release|x86
		{0773B87A-D58F-4924-A1CB-E0B77FC1ECE0}.Release|Mixed Platforms.Build.0 = Release|x86
		{0773B87A-D58F-4924-A1CB-E0B77FC1ECE0}.Release|x86.ActiveCfg = Release|x86
		{0773B87A-D58F-4924-A1CB-E0B77FC1ECE0}.Release|x86.Build.0 = Release|x86
		{8BCDE075-223D-4C23-9439-5025E8F1D2F6}.Debug|Any CPU.ActiveCfg = Debug|Any CPU
		{8BCDE075-223D-4C23-9439-5025E8F1D2F6}.Debug|Any CPU.Build.0 = Debug|Any CPU
		{8BCDE075-223D-4C23-9439-5025E8F1D2F6}.Debug|Mixed Platforms.ActiveCfg = Debug|Any CPU
		{8BCDE075-223D-4C23-9439-5025E8F1D2F6}.Debug|Mixed Platforms.Build.0 = Debug|Any CPU
		{8BCDE075-223D-4C23-9439-5025E8F1D2F6}.Debug|x86.ActiveCfg = Debug|Any CPU
		{8BCDE075-223D-4C23-9439-5025E8F1D2F6}.Debug|x86.Build.0 = Debug|Any CPU
		{8BCDE075-223D-4C23-9439-5025E8F1D2F6}.Release|Any CPU.ActiveCfg = Release|Any CPU
		{8BCDE075-223D-4C23-9439-5025E8F1D2F6}.Release|Any CPU.Build.0 = Release|Any CPU
		{8BCDE075-223D-4C23-9439-5025E8F1D2F6}.Release|Mixed Platforms.ActiveCfg = Release|Any CPU
		{8BCDE075-223D-4C23-9439-5025E8F1D2F6}.Release|Mixed Platforms.Build.0 = Release|Any CPU
		{8BCDE075-223D-4C23-9439-5025E8F1D2F6}.Release|x86.ActiveCfg = Release|Any CPU
		{8BCDE075-223D-4C23-9439-5025E8F1D2F6}.Release|x86.Build.0 = Release|Any CPU
		{A1A8F70F-BACA-469F-A426-39DBD99DF7DC}.Debug|Any CPU.ActiveCfg = Debug|Any CPU
		{A1A8F70F-BACA-469F-A426-39DBD99DF7DC}.Debug|Any CPU.Build.0 = Debug|Any CPU
		{A1A8F70F-BACA-469F-A426-39DBD99DF7DC}.Debug|Mixed Platforms.ActiveCfg = Debug|Any CPU
		{A1A8F70F-BACA-469F-A426-39DBD99DF7DC}.Debug|Mixed Platforms.Build.0 = Debug|Any CPU
		{A1A8F70F-BACA-469F-A426-39DBD99DF7DC}.Debug|x86.ActiveCfg = Debug|Any CPU
		{A1A8F70F-BACA-469F-A426-39DBD99DF7DC}.Release|Any CPU.ActiveCfg = Release|Any CPU
		{A1A8F70F-BACA-469F-A426-39DBD99DF7DC}.Release|Any CPU.Build.0 = Release|Any CPU
		{A1A8F70F-BACA-469F-A426-39DBD99DF7DC}.Release|Mixed Platforms.ActiveCfg = Release|Any CPU
		{A1A8F70F-BACA-469F-A426-39DBD99DF7DC}.Release|Mixed Platforms.Build.0 = Release|Any CPU
		{A1A8F70F-BACA-469F-A426-39DBD99DF7DC}.Release|x86.ActiveCfg = Release|Any CPU
	EndGlobalSection
	GlobalSection(MonoDevelopProperties) = preSolution
		StartupItem = ExtensionMethodsExamples\ExtensionMethodsExamples.csproj
	EndGlobalSection
	GlobalSection(SolutionProperties) = preSolution
		HideSolutionNode = FALSE
	EndGlobalSection
EndGlobal
