
Microsoft Visual Studio Solution File, Format Version 11.00
# Visual Studio 2010
Project("{8BC9CEB8-8B4A-11D0-8D11-00A0C91BC942}") = "STLAlgorithm", "STLAlgorithms\STLAlgorithms.vcxproj", "{0C1B1B43-C602-4D7A-A9C1-058DBF2B0E76}"
EndProject
Project("{FAE04EC0-301F-11D3-BF4B-00C04F79EFBC}") = "ExtensionMethodsAlgorithm", "ExtensionMethodsAlgorithms\ExtensionMethodsAlgorithm.csproj", "{1FCFCB11-E929-4519-91A2-EE84812B8DC1}"
EndProject
Project("{FAE04EC0-301F-11D3-BF4B-00C04F79EFBC}") = "Decoupling", "Decoupling\Decoupling.csproj", "{41584AFA-B23E-47A4-95EF-FF72170254D7}"
EndProject
Project("{FAE04EC0-301F-11D3-BF4B-00C04F79EFBC}") = "DeferredExecution", "DeferredExecution\DeferredExecution.csproj", "{1E80C608-7B00-4E14-B238-E183AB6FAE47}"
EndProject
Project("{F2A71F9B-5D33-465A-A702-920D77279786}") = "FSharpSubSets", "FSharpSubSets\FSharpSubSets.fsproj", "{13555C13-B869-4F68-8850-49649F3D939A}"
EndProject
Global
	GlobalSection(SolutionConfigurationPlatforms) = preSolution
		Debug|Any CPU = Debug|Any CPU
		Debug|Mixed Platforms = Debug|Mixed Platforms
		Debug|Win32 = Debug|Win32
		Debug|x86 = Debug|x86
		Release|Any CPU = Release|Any CPU
		Release|Mixed Platforms = Release|Mixed Platforms
		Release|Win32 = Release|Win32
		Release|x86 = Release|x86
	EndGlobalSection
	GlobalSection(ProjectConfigurationPlatforms) = postSolution
		{0C1B1B43-C602-4D7A-A9C1-058DBF2B0E76}.Debug|Any CPU.ActiveCfg = Debug|Win32
		{0C1B1B43-C602-4D7A-A9C1-058DBF2B0E76}.Debug|Mixed Platforms.ActiveCfg = Debug|Win32
		{0C1B1B43-C602-4D7A-A9C1-058DBF2B0E76}.Debug|Mixed Platforms.Build.0 = Debug|Win32
		{0C1B1B43-C602-4D7A-A9C1-058DBF2B0E76}.Debug|Win32.ActiveCfg = Debug|Win32
		{0C1B1B43-C602-4D7A-A9C1-058DBF2B0E76}.Debug|Win32.Build.0 = Debug|Win32
		{0C1B1B43-C602-4D7A-A9C1-058DBF2B0E76}.Debug|x86.ActiveCfg = Debug|Win32
		{0C1B1B43-C602-4D7A-A9C1-058DBF2B0E76}.Release|Any CPU.ActiveCfg = Release|Win32
		{0C1B1B43-C602-4D7A-A9C1-058DBF2B0E76}.Release|Mixed Platforms.ActiveCfg = Release|Win32
		{0C1B1B43-C602-4D7A-A9C1-058DBF2B0E76}.Release|Mixed Platforms.Build.0 = Release|Win32
		{0C1B1B43-C602-4D7A-A9C1-058DBF2B0E76}.Release|Win32.ActiveCfg = Release|Win32
		{0C1B1B43-C602-4D7A-A9C1-058DBF2B0E76}.Release|Win32.Build.0 = Release|Win32
		{0C1B1B43-C602-4D7A-A9C1-058DBF2B0E76}.Release|x86.ActiveCfg = Release|Win32
		{1FCFCB11-E929-4519-91A2-EE84812B8DC1}.Debug|Any CPU.ActiveCfg = Debug|Any CPU
		{1FCFCB11-E929-4519-91A2-EE84812B8DC1}.Debug|Any CPU.Build.0 = Debug|Any CPU
		{1FCFCB11-E929-4519-91A2-EE84812B8DC1}.Debug|Mixed Platforms.ActiveCfg = Debug|Any CPU
		{1FCFCB11-E929-4519-91A2-EE84812B8DC1}.Debug|Mixed Platforms.Build.0 = Debug|Any CPU
		{1FCFCB11-E929-4519-91A2-EE84812B8DC1}.Debug|Win32.ActiveCfg = Debug|x86
		{1FCFCB11-E929-4519-91A2-EE84812B8DC1}.Debug|x86.ActiveCfg = Debug|x86
		{1FCFCB11-E929-4519-91A2-EE84812B8DC1}.Debug|x86.Build.0 = Debug|x86
		{1FCFCB11-E929-4519-91A2-EE84812B8DC1}.Release|Any CPU.ActiveCfg = Release|Any CPU
		{1FCFCB11-E929-4519-91A2-EE84812B8DC1}.Release|Any CPU.Build.0 = Release|Any CPU
		{1FCFCB11-E929-4519-91A2-EE84812B8DC1}.Release|Mixed Platforms.ActiveCfg = Release|Any CPU
		{1FCFCB11-E929-4519-91A2-EE84812B8DC1}.Release|Mixed Platforms.Build.0 = Release|Any CPU
		{1FCFCB11-E929-4519-91A2-EE84812B8DC1}.Release|Win32.ActiveCfg = Release|x86
		{1FCFCB11-E929-4519-91A2-EE84812B8DC1}.Release|x86.ActiveCfg = Release|x86
		{1FCFCB11-E929-4519-91A2-EE84812B8DC1}.Release|x86.Build.0 = Release|x86
		{41584AFA-B23E-47A4-95EF-FF72170254D7}.Debug|Any CPU.ActiveCfg = Debug|Any CPU
		{41584AFA-B23E-47A4-95EF-FF72170254D7}.Debug|Any CPU.Build.0 = Debug|Any CPU
		{41584AFA-B23E-47A4-95EF-FF72170254D7}.Debug|Mixed Platforms.ActiveCfg = Debug|Any CPU
		{41584AFA-B23E-47A4-95EF-FF72170254D7}.Debug|Mixed Platforms.Build.0 = Debug|Any CPU
		{41584AFA-B23E-47A4-95EF-FF72170254D7}.Debug|Win32.ActiveCfg = Debug|x86
		{41584AFA-B23E-47A4-95EF-FF72170254D7}.Debug|x86.ActiveCfg = Debug|x86
		{41584AFA-B23E-47A4-95EF-FF72170254D7}.Debug|x86.Build.0 = Debug|x86
		{41584AFA-B23E-47A4-95EF-FF72170254D7}.Release|Any CPU.ActiveCfg = Release|Any CPU
		{41584AFA-B23E-47A4-95EF-FF72170254D7}.Release|Any CPU.Build.0 = Release|Any CPU
		{41584AFA-B23E-47A4-95EF-FF72170254D7}.Release|Mixed Platforms.ActiveCfg = Release|Any CPU
		{41584AFA-B23E-47A4-95EF-FF72170254D7}.Release|Mixed Platforms.Build.0 = Release|Any CPU
		{41584AFA-B23E-47A4-95EF-FF72170254D7}.Release|Win32.ActiveCfg = Release|x86
		{41584AFA-B23E-47A4-95EF-FF72170254D7}.Release|x86.ActiveCfg = Release|x86
		{41584AFA-B23E-47A4-95EF-FF72170254D7}.Release|x86.Build.0 = Release|x86
		{1E80C608-7B00-4E14-B238-E183AB6FAE47}.Debug|Any CPU.ActiveCfg = Debug|Any CPU
		{1E80C608-7B00-4E14-B238-E183AB6FAE47}.Debug|Any CPU.Build.0 = Debug|Any CPU
		{1E80C608-7B00-4E14-B238-E183AB6FAE47}.Debug|Mixed Platforms.ActiveCfg = Debug|Any CPU
		{1E80C608-7B00-4E14-B238-E183AB6FAE47}.Debug|Mixed Platforms.Build.0 = Debug|Any CPU
		{1E80C608-7B00-4E14-B238-E183AB6FAE47}.Debug|Win32.ActiveCfg = Debug|x86
		{1E80C608-7B00-4E14-B238-E183AB6FAE47}.Debug|x86.ActiveCfg = Debug|x86
		{1E80C608-7B00-4E14-B238-E183AB6FAE47}.Debug|x86.Build.0 = Debug|x86
		{1E80C608-7B00-4E14-B238-E183AB6FAE47}.Release|Any CPU.ActiveCfg = Release|Any CPU
		{1E80C608-7B00-4E14-B238-E183AB6FAE47}.Release|Any CPU.Build.0 = Release|Any CPU
		{1E80C608-7B00-4E14-B238-E183AB6FAE47}.Release|Mixed Platforms.ActiveCfg = Release|Any CPU
		{1E80C608-7B00-4E14-B238-E183AB6FAE47}.Release|Mixed Platforms.Build.0 = Release|Any CPU
		{1E80C608-7B00-4E14-B238-E183AB6FAE47}.Release|Win32.ActiveCfg = Release|x86
		{1E80C608-7B00-4E14-B238-E183AB6FAE47}.Release|x86.ActiveCfg = Release|x86
		{1E80C608-7B00-4E14-B238-E183AB6FAE47}.Release|x86.Build.0 = Release|x86
		{13555C13-B869-4F68-8850-49649F3D939A}.Debug|Any CPU.ActiveCfg = Debug|Any CPU
		{13555C13-B869-4F68-8850-49649F3D939A}.Debug|Any CPU.Build.0 = Debug|Any CPU
		{13555C13-B869-4F68-8850-49649F3D939A}.Debug|Mixed Platforms.ActiveCfg = Debug|Any CPU
		{13555C13-B869-4F68-8850-49649F3D939A}.Debug|Mixed Platforms.Build.0 = Debug|Any CPU
		{13555C13-B869-4F68-8850-49649F3D939A}.Debug|Win32.ActiveCfg = Debug|Any CPU
		{13555C13-B869-4F68-8850-49649F3D939A}.Debug|x86.ActiveCfg = Debug|x86
		{13555C13-B869-4F68-8850-49649F3D939A}.Debug|x86.Build.0 = Debug|x86
		{13555C13-B869-4F68-8850-49649F3D939A}.Release|Any CPU.ActiveCfg = Release|Any CPU
		{13555C13-B869-4F68-8850-49649F3D939A}.Release|Any CPU.Build.0 = Release|Any CPU
		{13555C13-B869-4F68-8850-49649F3D939A}.Release|Mixed Platforms.ActiveCfg = Release|Any CPU
		{13555C13-B869-4F68-8850-49649F3D939A}.Release|Mixed Platforms.Build.0 = Release|Any CPU
		{13555C13-B869-4F68-8850-49649F3D939A}.Release|Win32.ActiveCfg = Release|Any CPU
		{13555C13-B869-4F68-8850-49649F3D939A}.Release|x86.ActiveCfg = Release|x86
		{13555C13-B869-4F68-8850-49649F3D939A}.Release|x86.Build.0 = Release|x86
	EndGlobalSection
	GlobalSection(SolutionProperties) = preSolution
		HideSolutionNode = FALSE
	EndGlobalSection
EndGlobal
